// !$*UTF8*$!
{
	archiveVersion = 1;
	classes = {
	};
	objectVersion = 50;
	objects = {

/* Begin PBXBuildFile section */
		E06659C521AEEBC500FE1294 /* BaseComponent.swift in Sources */ = {isa = PBXBuildFile; fileRef = E06659C421AEEBC500FE1294 /* BaseComponent.swift */; };
		E06659C721AEEF6400FE1294 /* MoveBehaviour.swift in Sources */ = {isa = PBXBuildFile; fileRef = E06659C621AEEF6400FE1294 /* MoveBehaviour.swift */; };
		E06659C921AEEF9F00FE1294 /* MoveComponent.swift in Sources */ = {isa = PBXBuildFile; fileRef = E06659C821AEEF9F00FE1294 /* MoveComponent.swift */; };
		E06659CB21AEF28400FE1294 /* Histolytica.swift in Sources */ = {isa = PBXBuildFile; fileRef = E06659CA21AEF28400FE1294 /* Histolytica.swift */; };
		E06659CD21AEFC4C00FE1294 /* Fowleri.swift in Sources */ = {isa = PBXBuildFile; fileRef = E06659CC21AEFC4C00FE1294 /* Fowleri.swift */; };
		E06659CF21AEFF2400FE1294 /* Proteus.swift in Sources */ = {isa = PBXBuildFile; fileRef = E06659CE21AEFF2400FE1294 /* Proteus.swift */; };
		E06F449621B8264D0099D9BF /* Amoeba.swift in Sources */ = {isa = PBXBuildFile; fileRef = E06F449521B8264D0099D9BF /* Amoeba.swift */; };
		E06F449C21B82E090099D9BF /* AIComponent.swift in Sources */ = {isa = PBXBuildFile; fileRef = E06F449B21B82E090099D9BF /* AIComponent.swift */; };
		E08CE3CC21A82452007934CE /* AppDelegate.swift in Sources */ = {isa = PBXBuildFile; fileRef = E08CE3CB21A82452007934CE /* AppDelegate.swift */; };
		E08CE3CE21A82452007934CE /* GameScene.sks in Resources */ = {isa = PBXBuildFile; fileRef = E08CE3CD21A82452007934CE /* GameScene.sks */; };
		E08CE3D221A82452007934CE /* GameScene.swift in Sources */ = {isa = PBXBuildFile; fileRef = E08CE3D121A82452007934CE /* GameScene.swift */; };
		E08CE3D421A82452007934CE /* GameViewController.swift in Sources */ = {isa = PBXBuildFile; fileRef = E08CE3D321A82452007934CE /* GameViewController.swift */; };
		E08CE3D721A82452007934CE /* Main.storyboard in Resources */ = {isa = PBXBuildFile; fileRef = E08CE3D521A82452007934CE /* Main.storyboard */; };
		E08CE3D921A82453007934CE /* Assets.xcassets in Resources */ = {isa = PBXBuildFile; fileRef = E08CE3D821A82453007934CE /* Assets.xcassets */; };
		E08CE3DC21A82453007934CE /* LaunchScreen.storyboard in Resources */ = {isa = PBXBuildFile; fileRef = E08CE3DA21A82453007934CE /* LaunchScreen.storyboard */; };
		E08CE3E821A82672007934CE /* Constants.swift in Sources */ = {isa = PBXBuildFile; fileRef = E08CE3E721A82672007934CE /* Constants.swift */; };
		E08CE3F621A826E8007934CE /* attack.wav in Resources */ = {isa = PBXBuildFile; fileRef = E08CE3EA21A826E8007934CE /* attack.wav */; };
		E08CE3F721A826E8007934CE /* bigHit.wav in Resources */ = {isa = PBXBuildFile; fileRef = E08CE3EB21A826E8007934CE /* bigHit.wav */; };
		E08CE3F821A826E8007934CE /* boom.wav in Resources */ = {isa = PBXBuildFile; fileRef = E08CE3EC21A826E8007934CE /* boom.wav */; };
		E08CE3F921A826E8007934CE /* defend.wav in Resources */ = {isa = PBXBuildFile; fileRef = E08CE3ED21A826E8007934CE /* defend.wav */; };
		E08CE3FA21A826E8007934CE /* Latin_Industries.mp3 in Resources */ = {isa = PBXBuildFile; fileRef = E08CE3EE21A826E8007934CE /* Latin_Industries.mp3 */; };
		E08CE3FB21A826E8007934CE /* lioncry3.wav in Resources */ = {isa = PBXBuildFile; fileRef = E08CE3EF21A826E8007934CE /* lioncry3.wav */; };
		E08CE3FC21A826E8007934CE /* lionlaugh4.wav in Resources */ = {isa = PBXBuildFile; fileRef = E08CE3F021A826E8007934CE /* lionlaugh4.wav */; };
		E08CE3FD21A826E8007934CE /* mass.wav in Resources */ = {isa = PBXBuildFile; fileRef = E08CE3F121A826E8007934CE /* mass.wav */; };
		E08CE3FE21A826E8007934CE /* pew.wav in Resources */ = {isa = PBXBuildFile; fileRef = E08CE3F221A826E8007934CE /* pew.wav */; };
		E08CE3FF21A826E8007934CE /* pew2.wav in Resources */ = {isa = PBXBuildFile; fileRef = E08CE3F321A826E8007934CE /* pew2.wav */; };
		E08CE40021A826E8007934CE /* smallHit.wav in Resources */ = {isa = PBXBuildFile; fileRef = E08CE3F421A826E8007934CE /* smallHit.wav */; };
		E08CE40121A826E8007934CE /* spawn.wav in Resources */ = {isa = PBXBuildFile; fileRef = E08CE3F521A826E8007934CE /* spawn.wav */; };
		E08CE40321A82888007934CE /* MyMath.swift in Sources */ = {isa = PBXBuildFile; fileRef = E08CE40221A82888007934CE /* MyMath.swift */; };
		E08CE40521A8291D007934CE /* SoundManager.swift in Sources */ = {isa = PBXBuildFile; fileRef = E08CE40421A8291D007934CE /* SoundManager.swift */; };
		E08CE40721A829C9007934CE /* ButtonNode.swift in Sources */ = {isa = PBXBuildFile; fileRef = E08CE40621A829C9007934CE /* ButtonNode.swift */; };
		E08CE40921A82ECF007934CE /* SpriteComponent.swift in Sources */ = {isa = PBXBuildFile; fileRef = E08CE40821A82ECF007934CE /* SpriteComponent.swift */; };
		E08CE40B21A82EF1007934CE /* Base.swift in Sources */ = {isa = PBXBuildFile; fileRef = E08CE40A21A82EF1007934CE /* Base.swift */; };
		E08CE40D21A82F0F007934CE /* EntityManager.swift in Sources */ = {isa = PBXBuildFile; fileRef = E08CE40C21A82F0F007934CE /* EntityManager.swift */; };
		E08CE40F21A83270007934CE /* TeamComponent.swift in Sources */ = {isa = PBXBuildFile; fileRef = E08CE40E21A83270007934CE /* TeamComponent.swift */; };
/* End PBXBuildFile section */

/* Begin PBXFileReference section */
		E06659C421AEEBC500FE1294 /* BaseComponent.swift */ = {isa = PBXFileReference; lastKnownFileType = sourcecode.swift; path = BaseComponent.swift; sourceTree = "<group>"; };
		E06659C621AEEF6400FE1294 /* MoveBehaviour.swift */ = {isa = PBXFileReference; lastKnownFileType = sourcecode.swift; path = MoveBehaviour.swift; sourceTree = "<group>"; };
		E06659C821AEEF9F00FE1294 /* MoveComponent.swift */ = {isa = PBXFileReference; lastKnownFileType = sourcecode.swift; path = MoveComponent.swift; sourceTree = "<group>"; };
		E06659CA21AEF28400FE1294 /* Histolytica.swift */ = {isa = PBXFileReference; lastKnownFileType = sourcecode.swift; path = Histolytica.swift; sourceTree = "<group>"; };
		E06659CC21AEFC4C00FE1294 /* Fowleri.swift */ = {isa = PBXFileReference; lastKnownFileType = sourcecode.swift; path = Fowleri.swift; sourceTree = "<group>"; };
		E06659CE21AEFF2400FE1294 /* Proteus.swift */ = {isa = PBXFileReference; lastKnownFileType = sourcecode.swift; path = Proteus.swift; sourceTree = "<group>"; };
		E06F449521B8264D0099D9BF /* Amoeba.swift */ = {isa = PBXFileReference; lastKnownFileType = sourcecode.swift; path = Amoeba.swift; sourceTree = "<group>"; };
		E06F449B21B82E090099D9BF /* AIComponent.swift */ = {isa = PBXFileReference; lastKnownFileType = sourcecode.swift; path = AIComponent.swift; sourceTree = "<group>"; };
		E08CE3C821A82452007934CE /* Amoeba Wars.app */ = {isa = PBXFileReference; explicitFileType = wrapper.application; includeInIndex = 0; path = "Amoeba Wars.app"; sourceTree = BUILT_PRODUCTS_DIR; };
		E08CE3CB21A82452007934CE /* AppDelegate.swift */ = {isa = PBXFileReference; lastKnownFileType = sourcecode.swift; path = AppDelegate.swift; sourceTree = "<group>"; };
		E08CE3CD21A82452007934CE /* GameScene.sks */ = {isa = PBXFileReference; lastKnownFileType = file.sks; path = GameScene.sks; sourceTree = "<group>"; };
		E08CE3D121A82452007934CE /* GameScene.swift */ = {isa = PBXFileReference; lastKnownFileType = sourcecode.swift; path = GameScene.swift; sourceTree = "<group>"; };
		E08CE3D321A82452007934CE /* GameViewController.swift */ = {isa = PBXFileReference; lastKnownFileType = sourcecode.swift; path = GameViewController.swift; sourceTree = "<group>"; };
		E08CE3D621A82452007934CE /* Base */ = {isa = PBXFileReference; lastKnownFileType = file.storyboard; name = Base; path = Base.lproj/Main.storyboard; sourceTree = "<group>"; };
		E08CE3D821A82453007934CE /* Assets.xcassets */ = {isa = PBXFileReference; lastKnownFileType = folder.assetcatalog; path = Assets.xcassets; sourceTree = "<group>"; };
		E08CE3DB21A82453007934CE /* Base */ = {isa = PBXFileReference; lastKnownFileType = file.storyboard; name = Base; path = Base.lproj/LaunchScreen.storyboard; sourceTree = "<group>"; };
		E08CE3DD21A82453007934CE /* Info.plist */ = {isa = PBXFileReference; lastKnownFileType = text.plist.xml; path = Info.plist; sourceTree = "<group>"; };
		E08CE3E721A82672007934CE /* Constants.swift */ = {isa = PBXFileReference; lastKnownFileType = sourcecode.swift; path = Constants.swift; sourceTree = "<group>"; };
		E08CE3EA21A826E8007934CE /* attack.wav */ = {isa = PBXFileReference; lastKnownFileType = audio.wav; path = attack.wav; sourceTree = "<group>"; };
		E08CE3EB21A826E8007934CE /* bigHit.wav */ = {isa = PBXFileReference; lastKnownFileType = audio.wav; path = bigHit.wav; sourceTree = "<group>"; };
		E08CE3EC21A826E8007934CE /* boom.wav */ = {isa = PBXFileReference; lastKnownFileType = audio.wav; path = boom.wav; sourceTree = "<group>"; };
		E08CE3ED21A826E8007934CE /* defend.wav */ = {isa = PBXFileReference; lastKnownFileType = audio.wav; path = defend.wav; sourceTree = "<group>"; };
		E08CE3EE21A826E8007934CE /* Latin_Industries.mp3 */ = {isa = PBXFileReference; lastKnownFileType = audio.mp3; path = Latin_Industries.mp3; sourceTree = "<group>"; };
		E08CE3EF21A826E8007934CE /* lioncry3.wav */ = {isa = PBXFileReference; lastKnownFileType = audio.wav; path = lioncry3.wav; sourceTree = "<group>"; };
		E08CE3F021A826E8007934CE /* lionlaugh4.wav */ = {isa = PBXFileReference; lastKnownFileType = audio.wav; path = lionlaugh4.wav; sourceTree = "<group>"; };
		E08CE3F121A826E8007934CE /* mass.wav */ = {isa = PBXFileReference; lastKnownFileType = audio.wav; path = mass.wav; sourceTree = "<group>"; };
		E08CE3F221A826E8007934CE /* pew.wav */ = {isa = PBXFileReference; lastKnownFileType = audio.wav; path = pew.wav; sourceTree = "<group>"; };
		E08CE3F321A826E8007934CE /* pew2.wav */ = {isa = PBXFileReference; lastKnownFileType = audio.wav; path = pew2.wav; sourceTree = "<group>"; };
		E08CE3F421A826E8007934CE /* smallHit.wav */ = {isa = PBXFileReference; lastKnownFileType = audio.wav; path = smallHit.wav; sourceTree = "<group>"; };
		E08CE3F521A826E8007934CE /* spawn.wav */ = {isa = PBXFileReference; lastKnownFileType = audio.wav; path = spawn.wav; sourceTree = "<group>"; };
		E08CE40221A82888007934CE /* MyMath.swift */ = {isa = PBXFileReference; lastKnownFileType = sourcecode.swift; path = MyMath.swift; sourceTree = "<group>"; };
		E08CE40421A8291D007934CE /* SoundManager.swift */ = {isa = PBXFileReference; lastKnownFileType = sourcecode.swift; path = SoundManager.swift; sourceTree = "<group>"; };
		E08CE40621A829C9007934CE /* ButtonNode.swift */ = {isa = PBXFileReference; lastKnownFileType = sourcecode.swift; path = ButtonNode.swift; sourceTree = "<group>"; };
		E08CE40821A82ECF007934CE /* SpriteComponent.swift */ = {isa = PBXFileReference; lastKnownFileType = sourcecode.swift; path = SpriteComponent.swift; sourceTree = "<group>"; };
		E08CE40A21A82EF1007934CE /* Base.swift */ = {isa = PBXFileReference; lastKnownFileType = sourcecode.swift; path = Base.swift; sourceTree = "<group>"; };
		E08CE40C21A82F0F007934CE /* EntityManager.swift */ = {isa = PBXFileReference; lastKnownFileType = sourcecode.swift; path = EntityManager.swift; sourceTree = "<group>"; };
		E08CE40E21A83270007934CE /* TeamComponent.swift */ = {isa = PBXFileReference; lastKnownFileType = sourcecode.swift; path = TeamComponent.swift; sourceTree = "<group>"; };
/* End PBXFileReference section */

/* Begin PBXFrameworksBuildPhase section */
		E08CE3C521A82452007934CE /* Frameworks */ = {
			isa = PBXFrameworksBuildPhase;
			buildActionMask = 2147483647;
			files = (
			);
			runOnlyForDeploymentPostprocessing = 0;
		};
/* End PBXFrameworksBuildPhase section */

/* Begin PBXGroup section */
		E08CE3BF21A82452007934CE = {
			isa = PBXGroup;
			children = (
				E08CE3CA21A82452007934CE /* Amoeba Wars */,
				E08CE3C921A82452007934CE /* Products */,
			);
			sourceTree = "<group>";
		};
		E08CE3C921A82452007934CE /* Products */ = {
			isa = PBXGroup;
			children = (
				E08CE3C821A82452007934CE /* Amoeba Wars.app */,
			);
			name = Products;
			sourceTree = "<group>";
		};
		E08CE3CA21A82452007934CE /* Amoeba Wars */ = {
			isa = PBXGroup;
			children = (
				E08CE3E621A825FB007934CE /* Sounds */,
				E08CE3E521A825EC007934CE /* Entities */,
				E08CE3E421A825E1007934CE /* Components */,
				E08CE3E321A825DA007934CE /* Helpers */,
				E08CE3CB21A82452007934CE /* AppDelegate.swift */,
				E08CE3CD21A82452007934CE /* GameScene.sks */,
				E08CE3D121A82452007934CE /* GameScene.swift */,
				E08CE3D321A82452007934CE /* GameViewController.swift */,
				E08CE3D521A82452007934CE /* Main.storyboard */,
				E08CE3D821A82453007934CE /* Assets.xcassets */,
				E08CE3DA21A82453007934CE /* LaunchScreen.storyboard */,
				E08CE3DD21A82453007934CE /* Info.plist */,
			);
			path = "Amoeba Wars";
			sourceTree = "<group>";
		};
		E08CE3E321A825DA007934CE /* Helpers */ = {
			isa = PBXGroup;
			children = (
				E08CE3E721A82672007934CE /* Constants.swift */,
				E08CE40221A82888007934CE /* MyMath.swift */,
				E08CE40421A8291D007934CE /* SoundManager.swift */,
				E08CE40621A829C9007934CE /* ButtonNode.swift */,
			);
			path = Helpers;
			sourceTree = "<group>";
		};
		E08CE3E421A825E1007934CE /* Components */ = {
			isa = PBXGroup;
			children = (
				E08CE40821A82ECF007934CE /* SpriteComponent.swift */,
				E08CE40E21A83270007934CE /* TeamComponent.swift */,
				E06659C421AEEBC500FE1294 /* BaseComponent.swift */,
				E06659C621AEEF6400FE1294 /* MoveBehaviour.swift */,
				E06659C821AEEF9F00FE1294 /* MoveComponent.swift */,
				E06F449B21B82E090099D9BF /* AIComponent.swift */,
			);
			path = Components;
			sourceTree = "<group>";
		};
		E08CE3E521A825EC007934CE /* Entities */ = {
			isa = PBXGroup;
			children = (
				E08CE40A21A82EF1007934CE /* Base.swift */,
				E08CE40C21A82F0F007934CE /* EntityManager.swift */,
				E06659CA21AEF28400FE1294 /* Histolytica.swift */,
				E06659CC21AEFC4C00FE1294 /* Fowleri.swift */,
				E06659CE21AEFF2400FE1294 /* Proteus.swift */,
				E06F449521B8264D0099D9BF /* Amoeba.swift */,
			);
			path = Entities;
			sourceTree = "<group>";
		};
		E08CE3E621A825FB007934CE /* Sounds */ = {
			isa = PBXGroup;
			children = (
				E08CE3EA21A826E8007934CE /* attack.wav */,
				E08CE3EB21A826E8007934CE /* bigHit.wav */,
				E08CE3EC21A826E8007934CE /* boom.wav */,
				E08CE3ED21A826E8007934CE /* defend.wav */,
				E08CE3EE21A826E8007934CE /* Latin_Industries.mp3 */,
				E08CE3EF21A826E8007934CE /* lioncry3.wav */,
				E08CE3F021A826E8007934CE /* lionlaugh4.wav */,
				E08CE3F121A826E8007934CE /* mass.wav */,
				E08CE3F221A826E8007934CE /* pew.wav */,
				E08CE3F321A826E8007934CE /* pew2.wav */,
				E08CE3F421A826E8007934CE /* smallHit.wav */,
				E08CE3F521A826E8007934CE /* spawn.wav */,
				E08CE3E921A826E8007934CE /* audio */,
			);
			path = Sounds;
			sourceTree = "<group>";
		};
		E08CE3E921A826E8007934CE /* audio */ = {
			isa = PBXGroup;
			children = (
			);
			path = audio;
			sourceTree = "<group>";
		};
/* End PBXGroup section */

/* Begin PBXNativeTarget section */
		E08CE3C721A82452007934CE /* Amoeba Wars */ = {
			isa = PBXNativeTarget;
			buildConfigurationList = E08CE3E021A82453007934CE /* Build configuration list for PBXNativeTarget "Amoeba Wars" */;
			buildPhases = (
				E08CE3C421A82452007934CE /* Sources */,
				E08CE3C521A82452007934CE /* Frameworks */,
				E08CE3C621A82452007934CE /* Resources */,
			);
			buildRules = (
			);
			dependencies = (
			);
			name = "Amoeba Wars";
			productName = "Amoeba Wars";
			productReference = E08CE3C821A82452007934CE /* Amoeba Wars.app */;
			productType = "com.apple.product-type.application";
		};
/* End PBXNativeTarget section */

/* Begin PBXProject section */
		E08CE3C021A82452007934CE /* Project object */ = {
			isa = PBXProject;
			attributes = {
				LastSwiftUpdateCheck = 0940;
				LastUpgradeCheck = 0940;
				ORGANIZATIONNAME = 20072163;
				TargetAttributes = {
					E08CE3C721A82452007934CE = {
						CreatedOnToolsVersion = 9.4.1;
					};
				};
			};
			buildConfigurationList = E08CE3C321A82452007934CE /* Build configuration list for PBXProject "Amoeba Wars" */;
			compatibilityVersion = "Xcode 9.3";
			developmentRegion = en;
			hasScannedForEncodings = 0;
			knownRegions = (
				en,
				Base,
			);
			mainGroup = E08CE3BF21A82452007934CE;
			productRefGroup = E08CE3C921A82452007934CE /* Products */;
			projectDirPath = "";
			projectRoot = "";
			targets = (
				E08CE3C721A82452007934CE /* Amoeba Wars */,
			);
		};
/* End PBXProject section */

/* Begin PBXResourcesBuildPhase section */
		E08CE3C621A82452007934CE /* Resources */ = {
			isa = PBXResourcesBuildPhase;
			buildActionMask = 2147483647;
			files = (
				E08CE3FD21A826E8007934CE /* mass.wav in Resources */,
				E08CE3FE21A826E8007934CE /* pew.wav in Resources */,
				E08CE3D721A82452007934CE /* Main.storyboard in Resources */,
				E08CE3FC21A826E8007934CE /* lionlaugh4.wav in Resources */,
				E08CE3FF21A826E8007934CE /* pew2.wav in Resources */,
				E08CE3F721A826E8007934CE /* bigHit.wav in Resources */,
				E08CE3F821A826E8007934CE /* boom.wav in Resources */,
				E08CE3FB21A826E8007934CE /* lioncry3.wav in Resources */,
				E08CE3CE21A82452007934CE /* GameScene.sks in Resources */,
				E08CE3FA21A826E8007934CE /* Latin_Industries.mp3 in Resources */,
				E08CE40021A826E8007934CE /* smallHit.wav in Resources */,
				E08CE3F921A826E8007934CE /* defend.wav in Resources */,
				E08CE3D921A82453007934CE /* Assets.xcassets in Resources */,
				E08CE3F621A826E8007934CE /* attack.wav in Resources */,
				E08CE40121A826E8007934CE /* spawn.wav in Resources */,
				E08CE3DC21A82453007934CE /* LaunchScreen.storyboard in Resources */,
			);
			runOnlyForDeploymentPostprocessing = 0;
		};
/* End PBXResourcesBuildPhase section */

/* Begin PBXSourcesBuildPhase section */
		E08CE3C421A82452007934CE /* Sources */ = {
			isa = PBXSourcesBuildPhase;
			buildActionMask = 2147483647;
			files = (
				E06659CD21AEFC4C00FE1294 /* Fowleri.swift in Sources */,
				E06F449C21B82E090099D9BF /* AIComponent.swift in Sources */,
				E06659C921AEEF9F00FE1294 /* MoveComponent.swift in Sources */,
				E06659CF21AEFF2400FE1294 /* Proteus.swift in Sources */,
				E06659C721AEEF6400FE1294 /* MoveBehaviour.swift in Sources */,
				E06659C521AEEBC500FE1294 /* BaseComponent.swift in Sources */,
				E08CE40D21A82F0F007934CE /* EntityManager.swift in Sources */,
				E08CE40F21A83270007934CE /* TeamComponent.swift in Sources */,
				E08CE3D221A82452007934CE /* GameScene.swift in Sources */,
				E08CE3D421A82452007934CE /* GameViewController.swift in Sources */,
				E08CE40921A82ECF007934CE /* SpriteComponent.swift in Sources */,
				E08CE40321A82888007934CE /* MyMath.swift in Sources */,
				E08CE3CC21A82452007934CE /* AppDelegate.swift in Sources */,
				E08CE3E821A82672007934CE /* Constants.swift in Sources */,
				E08CE40B21A82EF1007934CE /* Base.swift in Sources */,
				E08CE40521A8291D007934CE /* SoundManager.swift in Sources */,
				E06659CB21AEF28400FE1294 /* Histolytica.swift in Sources */,
				E06F449621B8264D0099D9BF /* Amoeba.swift in Sources */,
				E08CE40721A829C9007934CE /* ButtonNode.swift in Sources */,
			);
			runOnlyForDeploymentPostprocessing = 0;
		};
/* End PBXSourcesBuildPhase section */

/* Begin PBXVariantGroup section */
		E08CE3D521A82452007934CE /* Main.storyboard */ = {
			isa = PBXVariantGroup;
			children = (
				E08CE3D621A82452007934CE /* Base */,
			);
			name = Main.storyboard;
			sourceTree = "<group>";
		};
		E08CE3DA21A82453007934CE /* LaunchScreen.storyboard */ = {
			isa = PBXVariantGroup;
			children = (
				E08CE3DB21A82453007934CE /* Base */,
			);
			name = LaunchScreen.storyboard;
			sourceTree = "<group>";
		};
/* End PBXVariantGroup section */

/* Begin XCBuildConfiguration section */
		E08CE3DE21A82453007934CE /* Debug */ = {
			isa = XCBuildConfiguration;
			buildSettings = {
				ALWAYS_SEARCH_USER_PATHS = NO;
				CLANG_ANALYZER_NONNULL = YES;
				CLANG_ANALYZER_NUMBER_OBJECT_CONVERSION = YES_AGGRESSIVE;
				CLANG_CXX_LANGUAGE_STANDARD = "gnu++14";
				CLANG_CXX_LIBRARY = "libc++";
				CLANG_ENABLE_MODULES = YES;
				CLANG_ENABLE_OBJC_ARC = YES;
				CLANG_ENABLE_OBJC_WEAK = YES;
				CLANG_WARN_BLOCK_CAPTURE_AUTORELEASING = YES;
				CLANG_WARN_BOOL_CONVERSION = YES;
				CLANG_WARN_COMMA = YES;
				CLANG_WARN_CONSTANT_CONVERSION = YES;
				CLANG_WARN_DEPRECATED_OBJC_IMPLEMENTATIONS = YES;
				CLANG_WARN_DIRECT_OBJC_ISA_USAGE = YES_ERROR;
				CLANG_WARN_DOCUMENTATION_COMMENTS = YES;
				CLANG_WARN_EMPTY_BODY = YES;
				CLANG_WARN_ENUM_CONVERSION = YES;
				CLANG_WARN_INFINITE_RECURSION = YES;
				CLANG_WARN_INT_CONVERSION = YES;
				CLANG_WARN_NON_LITERAL_NULL_CONVERSION = YES;
				CLANG_WARN_OBJC_IMPLICIT_RETAIN_SELF = YES;
				CLANG_WARN_OBJC_LITERAL_CONVERSION = YES;
				CLANG_WARN_OBJC_ROOT_CLASS = YES_ERROR;
				CLANG_WARN_RANGE_LOOP_ANALYSIS = YES;
				CLANG_WARN_STRICT_PROTOTYPES = YES;
				CLANG_WARN_SUSPICIOUS_MOVE = YES;
				CLANG_WARN_UNGUARDED_AVAILABILITY = YES_AGGRESSIVE;
				CLANG_WARN_UNREACHABLE_CODE = YES;
				CLANG_WARN__DUPLICATE_METHOD_MATCH = YES;
				CODE_SIGN_IDENTITY = "iPhone Developer";
				COPY_PHASE_STRIP = NO;
				DEBUG_INFORMATION_FORMAT = dwarf;
				ENABLE_STRICT_OBJC_MSGSEND = YES;
				ENABLE_TESTABILITY = YES;
				GCC_C_LANGUAGE_STANDARD = gnu11;
				GCC_DYNAMIC_NO_PIC = NO;
				GCC_NO_COMMON_BLOCKS = YES;
				GCC_OPTIMIZATION_LEVEL = 0;
				GCC_PREPROCESSOR_DEFINITIONS = (
					"DEBUG=1",
					"$(inherited)",
				);
				GCC_WARN_64_TO_32_BIT_CONVERSION = YES;
				GCC_WARN_ABOUT_RETURN_TYPE = YES_ERROR;
				GCC_WARN_UNDECLARED_SELECTOR = YES;
				GCC_WARN_UNINITIALIZED_AUTOS = YES_AGGRESSIVE;
				GCC_WARN_UNUSED_FUNCTION = YES;
				GCC_WARN_UNUSED_VARIABLE = YES;
				IPHONEOS_DEPLOYMENT_TARGET = 11.4;
				MTL_ENABLE_DEBUG_INFO = YES;
				ONLY_ACTIVE_ARCH = YES;
				SDKROOT = iphoneos;
				SWIFT_ACTIVE_COMPILATION_CONDITIONS = DEBUG;
				SWIFT_OPTIMIZATION_LEVEL = "-Onone";
			};
			name = Debug;
		};
		E08CE3DF21A82453007934CE /* Release */ = {
			isa = XCBuildConfiguration;
			buildSettings = {
				ALWAYS_SEARCH_USER_PATHS = NO;
				CLANG_ANALYZER_NONNULL = YES;
				CLANG_ANALYZER_NUMBER_OBJECT_CONVERSION = YES_AGGRESSIVE;
				CLANG_CXX_LANGUAGE_STANDARD = "gnu++14";
				CLANG_CXX_LIBRARY = "libc++";
				CLANG_ENABLE_MODULES = YES;
				CLANG_ENABLE_OBJC_ARC = YES;
				CLANG_ENABLE_OBJC_WEAK = YES;
				CLANG_WARN_BLOCK_CAPTURE_AUTORELEASING = YES;
				CLANG_WARN_BOOL_CONVERSION = YES;
				CLANG_WARN_COMMA = YES;
				CLANG_WARN_CONSTANT_CONVERSION = YES;
				CLANG_WARN_DEPRECATED_OBJC_IMPLEMENTATIONS = YES;
				CLANG_WARN_DIRECT_OBJC_ISA_USAGE = YES_ERROR;
				CLANG_WARN_DOCUMENTATION_COMMENTS = YES;
				CLANG_WARN_EMPTY_BODY = YES;
				CLANG_WARN_ENUM_CONVERSION = YES;
				CLANG_WARN_INFINITE_RECURSION = YES;
				CLANG_WARN_INT_CONVERSION = YES;
				CLANG_WARN_NON_LITERAL_NULL_CONVERSION = YES;
				CLANG_WARN_OBJC_IMPLICIT_RETAIN_SELF = YES;
				CLANG_WARN_OBJC_LITERAL_CONVERSION = YES;
				CLANG_WARN_OBJC_ROOT_CLASS = YES_ERROR;
				CLANG_WARN_RANGE_LOOP_ANALYSIS = YES;
				CLANG_WARN_STRICT_PROTOTYPES = YES;
				CLANG_WARN_SUSPICIOUS_MOVE = YES;
				CLANG_WARN_UNGUARDED_AVAILABILITY = YES_AGGRESSIVE;
				CLANG_WARN_UNREACHABLE_CODE = YES;
				CLANG_WARN__DUPLICATE_METHOD_MATCH = YES;
				CODE_SIGN_IDENTITY = "iPhone Developer";
				COPY_PHASE_STRIP = NO;
				DEBUG_INFORMATION_FORMAT = "dwarf-with-dsym";
				ENABLE_NS_ASSERTIONS = NO;
				ENABLE_STRICT_OBJC_MSGSEND = YES;
				GCC_C_LANGUAGE_STANDARD = gnu11;
				GCC_NO_COMMON_BLOCKS = YES;
				GCC_WARN_64_TO_32_BIT_CONVERSION = YES;
				GCC_WARN_ABOUT_RETURN_TYPE = YES_ERROR;
				GCC_WARN_UNDECLARED_SELECTOR = YES;
				GCC_WARN_UNINITIALIZED_AUTOS = YES_AGGRESSIVE;
				GCC_WARN_UNUSED_FUNCTION = YES;
				GCC_WARN_UNUSED_VARIABLE = YES;
				IPHONEOS_DEPLOYMENT_TARGET = 11.4;
				MTL_ENABLE_DEBUG_INFO = NO;
				SDKROOT = iphoneos;
				SWIFT_COMPILATION_MODE = wholemodule;
				SWIFT_OPTIMIZATION_LEVEL = "-O";
				VALIDATE_PRODUCT = YES;
			};
			name = Release;
		};
		E08CE3E121A82453007934CE /* Debug */ = {
			isa = XCBuildConfiguration;
			buildSettings = {
				ASSETCATALOG_COMPILER_APPICON_NAME = AppIcon;
				CODE_SIGN_STYLE = Automatic;
				INFOPLIST_FILE = "Amoeba Wars/Info.plist";
				LD_RUNPATH_SEARCH_PATHS = (
					"$(inherited)",
					"@executable_path/Frameworks",
				);
				PRODUCT_BUNDLE_IDENTIFIER = "WIT.Amoeba-Wars";
				PRODUCT_NAME = "$(TARGET_NAME)";
				SWIFT_VERSION = 4.0;
				TARGETED_DEVICE_FAMILY = 1;
			};
			name = Debug;
		};
		E08CE3E221A82453007934CE /* Release */ = {
			isa = XCBuildConfiguration;
			buildSettings = {
				ASSETCATALOG_COMPILER_APPICON_NAME = AppIcon;
				CODE_SIGN_STYLE = Automatic;
				INFOPLIST_FILE = "Amoeba Wars/Info.plist";
				LD_RUNPATH_SEARCH_PATHS = (
					"$(inherited)",
					"@executable_path/Frameworks",
				);
				PRODUCT_BUNDLE_IDENTIFIER = "WIT.Amoeba-Wars";
				PRODUCT_NAME = "$(TARGET_NAME)";
				SWIFT_VERSION = 4.0;
				TARGETED_DEVICE_FAMILY = 1;
			};
			name = Release;
		};
/* End XCBuildConfiguration section */

/* Begin XCConfigurationList section */
		E08CE3C321A82452007934CE /* Build configuration list for PBXProject "Amoeba Wars" */ = {
			isa = XCConfigurationList;
			buildConfigurations = (
				E08CE3DE21A82453007934CE /* Debug */,
				E08CE3DF21A82453007934CE /* Release */,
			);
			defaultConfigurationIsVisible = 0;
			defaultConfigurationName = Release;
		};
		E08CE3E021A82453007934CE /* Build configuration list for PBXNativeTarget "Amoeba Wars" */ = {
			isa = XCConfigurationList;
			buildConfigurations = (
				E08CE3E121A82453007934CE /* Debug */,
				E08CE3E221A82453007934CE /* Release */,
			);
			defaultConfigurationIsVisible = 0;
			defaultConfigurationName = Release;
		};
/* End XCConfigurationList section */
	};
	rootObject = E08CE3C021A82452007934CE /* Project object */;
}
